// !$*UTF8*$!
{
	archiveVersion = 1;
	classes = {
	};
	objectVersion = 46;
	objects = {

/* Begin PBXBuildFile section */
		35117F811C46F67000E3C76F /* AppDelegate.swift in Sources */ = {isa = PBXBuildFile; fileRef = 35117F801C46F67000E3C76F /* AppDelegate.swift */; };
		35117F831C46F67000E3C76F /* ViewController.swift in Sources */ = {isa = PBXBuildFile; fileRef = 35117F821C46F67000E3C76F /* ViewController.swift */; };
		35117F861C46F67000E3C76F /* Main.storyboard in Resources */ = {isa = PBXBuildFile; fileRef = 35117F841C46F67000E3C76F /* Main.storyboard */; };
		35117F881C46F67000E3C76F /* Assets.xcassets in Resources */ = {isa = PBXBuildFile; fileRef = 35117F871C46F67000E3C76F /* Assets.xcassets */; };
		35117F8B1C46F67000E3C76F /* LaunchScreen.storyboard in Resources */ = {isa = PBXBuildFile; fileRef = 35117F891C46F67000E3C76F /* LaunchScreen.storyboard */; };
		35117F961C46F67000E3C76F /* MemeMeV1Tests.swift in Sources */ = {isa = PBXBuildFile; fileRef = 35117F951C46F67000E3C76F /* MemeMeV1Tests.swift */; };
		35117FA11C46F67000E3C76F /* MemeMeV1UITests.swift in Sources */ = {isa = PBXBuildFile; fileRef = 35117FA01C46F67000E3C76F /* MemeMeV1UITests.swift */; };
/* End PBXBuildFile section */

/* Begin PBXContainerItemProxy section */
		35117F921C46F67000E3C76F /* PBXContainerItemProxy */ = {
			isa = PBXContainerItemProxy;
			containerPortal = 35117F751C46F67000E3C76F /* Project object */;
			proxyType = 1;
			remoteGlobalIDString = 35117F7C1C46F67000E3C76F;
			remoteInfo = MemeMeV1;
		};
		35117F9D1C46F67000E3C76F /* PBXContainerItemProxy */ = {
			isa = PBXContainerItemProxy;
			containerPortal = 35117F751C46F67000E3C76F /* Project object */;
			proxyType = 1;
			remoteGlobalIDString = 35117F7C1C46F67000E3C76F;
			remoteInfo = MemeMeV1;
		};
/* End PBXContainerItemProxy section */

/* Begin PBXFileReference section */
		35117F7D1C46F67000E3C76F /* MemeMeV1.app */ = {isa = PBXFileReference; explicitFileType = wrapper.application; includeInIndex = 0; path = MemeMeV1.app; sourceTree = BUILT_PRODUCTS_DIR; };
		35117F801C46F67000E3C76F /* AppDelegate.swift */ = {isa = PBXFileReference; lastKnownFileType = sourcecode.swift; path = AppDelegate.swift; sourceTree = "<group>"; };
		35117F821C46F67000E3C76F /* ViewController.swift */ = {isa = PBXFileReference; lastKnownFileType = sourcecode.swift; path = ViewController.swift; sourceTree = "<group>"; };
		35117F851C46F67000E3C76F /* Base */ = {isa = PBXFileReference; lastKnownFileType = file.storyboard; name = Base; path = Base.lproj/Main.storyboard; sourceTree = "<group>"; };
		35117F871C46F67000E3C76F /* Assets.xcassets */ = {isa = PBXFileReference; lastKnownFileType = folder.assetcatalog; path = Assets.xcassets; sourceTree = "<group>"; };
		35117F8A1C46F67000E3C76F /* Base */ = {isa = PBXFileReference; lastKnownFileType = file.storyboard; name = Base; path = Base.lproj/LaunchScreen.storyboard; sourceTree = "<group>"; };
		35117F8C1C46F67000E3C76F /* Info.plist */ = {isa = PBXFileReference; lastKnownFileType = text.plist.xml; path = Info.plist; sourceTree = "<group>"; };
		35117F911C46F67000E3C76F /* MemeMeV1Tests.xctest */ = {isa = PBXFileReference; explicitFileType = wrapper.cfbundle; includeInIndex = 0; path = MemeMeV1Tests.xctest; sourceTree = BUILT_PRODUCTS_DIR; };
		35117F951C46F67000E3C76F /* MemeMeV1Tests.swift */ = {isa = PBXFileReference; lastKnownFileType = sourcecode.swift; path = MemeMeV1Tests.swift; sourceTree = "<group>"; };
		35117F971C46F67000E3C76F /* Info.plist */ = {isa = PBXFileReference; lastKnownFileType = text.plist.xml; path = Info.plist; sourceTree = "<group>"; };
		35117F9C1C46F67000E3C76F /* MemeMeV1UITests.xctest */ = {isa = PBXFileReference; explicitFileType = wrapper.cfbundle; includeInIndex = 0; path = MemeMeV1UITests.xctest; sourceTree = BUILT_PRODUCTS_DIR; };
		35117FA01C46F67000E3C76F /* MemeMeV1UITests.swift */ = {isa = PBXFileReference; lastKnownFileType = sourcecode.swift; path = MemeMeV1UITests.swift; sourceTree = "<group>"; };
		35117FA21C46F67000E3C76F /* Info.plist */ = {isa = PBXFileReference; lastKnownFileType = text.plist.xml; path = Info.plist; sourceTree = "<group>"; };
/* End PBXFileReference section */

/* Begin PBXFrameworksBuildPhase section */
		35117F7A1C46F67000E3C76F /* Frameworks */ = {
			isa = PBXFrameworksBuildPhase;
			buildActionMask = 2147483647;
			files = (
			);
			runOnlyForDeploymentPostprocessing = 0;
		};
		35117F8E1C46F67000E3C76F /* Frameworks */ = {
			isa = PBXFrameworksBuildPhase;
			buildActionMask = 2147483647;
			files = (
			);
			runOnlyForDeploymentPostprocessing = 0;
		};
		35117F991C46F67000E3C76F /* Frameworks */ = {
			isa = PBXFrameworksBuildPhase;
			buildActionMask = 2147483647;
			files = (
			);
			runOnlyForDeploymentPostprocessing = 0;
		};
/* End PBXFrameworksBuildPhase section */

/* Begin PBXGroup section */
		35117F741C46F67000E3C76F = {
			isa = PBXGroup;
			children = (
				35117F7F1C46F67000E3C76F /* MemeMeV1 */,
				35117F941C46F67000E3C76F /* MemeMeV1Tests */,
				35117F9F1C46F67000E3C76F /* MemeMeV1UITests */,
				35117F7E1C46F67000E3C76F /* Products */,
			);
			sourceTree = "<group>";
		};
		35117F7E1C46F67000E3C76F /* Products */ = {
			isa = PBXGroup;
			children = (
				35117F7D1C46F67000E3C76F /* MemeMeV1.app */,
				35117F911C46F67000E3C76F /* MemeMeV1Tests.xctest */,
				35117F9C1C46F67000E3C76F /* MemeMeV1UITests.xctest */,
			);
			name = Products;
			sourceTree = "<group>";
		};
		35117F7F1C46F67000E3C76F /* MemeMeV1 */ = {
			isa = PBXGroup;
			children = (
				35117F801C46F67000E3C76F /* AppDelegate.swift */,
				35117F821C46F67000E3C76F /* ViewController.swift */,
				35117F841C46F67000E3C76F /* Main.storyboard */,
				35117F871C46F67000E3C76F /* Assets.xcassets */,
				35117F891C46F67000E3C76F /* LaunchScreen.storyboard */,
				35117F8C1C46F67000E3C76F /* Info.plist */,
			);
			path = MemeMeV1;
			sourceTree = "<group>";
		};
		35117F941C46F67000E3C76F /* MemeMeV1Tests */ = {
			isa = PBXGroup;
			children = (
				35117F951C46F67000E3C76F /* MemeMeV1Tests.swift */,
				35117F971C46F67000E3C76F /* Info.plist */,
			);
			path = MemeMeV1Tests;
			sourceTree = "<group>";
		};
		35117F9F1C46F67000E3C76F /* MemeMeV1UITests */ = {
			isa = PBXGroup;
			children = (
				35117FA01C46F67000E3C76F /* MemeMeV1UITests.swift */,
				35117FA21C46F67000E3C76F /* Info.plist */,
			);
			path = MemeMeV1UITests;
			sourceTree = "<group>";
		};
/* End PBXGroup section */

/* Begin PBXNativeTarget section */
		35117F7C1C46F67000E3C76F /* MemeMeV1 */ = {
			isa = PBXNativeTarget;
			buildConfigurationList = 35117FA51C46F67000E3C76F /* Build configuration list for PBXNativeTarget "MemeMeV1" */;
			buildPhases = (
				35117F791C46F67000E3C76F /* Sources */,
				35117F7A1C46F67000E3C76F /* Frameworks */,
				35117F7B1C46F67000E3C76F /* Resources */,
			);
			buildRules = (
			);
			dependencies = (
			);
			name = MemeMeV1;
			productName = MemeMeV1;
			productReference = 35117F7D1C46F67000E3C76F /* MemeMeV1.app */;
			productType = "com.apple.product-type.application";
		};
		35117F901C46F67000E3C76F /* MemeMeV1Tests */ = {
			isa = PBXNativeTarget;
			buildConfigurationList = 35117FA81C46F67000E3C76F /* Build configuration list for PBXNativeTarget "MemeMeV1Tests" */;
			buildPhases = (
				35117F8D1C46F67000E3C76F /* Sources */,
				35117F8E1C46F67000E3C76F /* Frameworks */,
				35117F8F1C46F67000E3C76F /* Resources */,
			);
			buildRules = (
			);
			dependencies = (
				35117F931C46F67000E3C76F /* PBXTargetDependency */,
			);
			name = MemeMeV1Tests;
			productName = MemeMeV1Tests;
			productReference = 35117F911C46F67000E3C76F /* MemeMeV1Tests.xctest */;
			productType = "com.apple.product-type.bundle.unit-test";
		};
		35117F9B1C46F67000E3C76F /* MemeMeV1UITests */ = {
			isa = PBXNativeTarget;
			buildConfigurationList = 35117FAB1C46F67000E3C76F /* Build configuration list for PBXNativeTarget "MemeMeV1UITests" */;
			buildPhases = (
				35117F981C46F67000E3C76F /* Sources */,
				35117F991C46F67000E3C76F /* Frameworks */,
				35117F9A1C46F67000E3C76F /* Resources */,
			);
			buildRules = (
			);
			dependencies = (
				35117F9E1C46F67000E3C76F /* PBXTargetDependency */,
			);
			name = MemeMeV1UITests;
			productName = MemeMeV1UITests;
			productReference = 35117F9C1C46F67000E3C76F /* MemeMeV1UITests.xctest */;
			productType = "com.apple.product-type.bundle.ui-testing";
		};
/* End PBXNativeTarget section */

/* Begin PBXProject section */
		35117F751C46F67000E3C76F /* Project object */ = {
			isa = PBXProject;
			attributes = {
				LastSwiftUpdateCheck = 0720;
				LastUpgradeCheck = 0720;
				ORGANIZATIONNAME = "Francisco Robles";
				TargetAttributes = {
					35117F7C1C46F67000E3C76F = {
						CreatedOnToolsVersion = 7.2;
					};
					35117F901C46F67000E3C76F = {
						CreatedOnToolsVersion = 7.2;
						TestTargetID = 35117F7C1C46F67000E3C76F;
					};
					35117F9B1C46F67000E3C76F = {
						CreatedOnToolsVersion = 7.2;
						TestTargetID = 35117F7C1C46F67000E3C76F;
					};
				};
			};
			buildConfigurationList = 35117F781C46F67000E3C76F /* Build configuration list for PBXProject "MemeMeV1" */;
			compatibilityVersion = "Xcode 3.2";
			developmentRegion = English;
			hasScannedForEncodings = 0;
			knownRegions = (
				en,
				Base,
			);
			mainGroup = 35117F741C46F67000E3C76F;
			productRefGroup = 35117F7E1C46F67000E3C76F /* Products */;
			projectDirPath = "";
			projectRoot = "";
			targets = (
				35117F7C1C46F67000E3C76F /* MemeMeV1 */,
				35117F901C46F67000E3C76F /* MemeMeV1Tests */,
				35117F9B1C46F67000E3C76F /* MemeMeV1UITests */,
			);
		};
/* End PBXProject section */

/* Begin PBXResourcesBuildPhase section */
		35117F7B1C46F67000E3C76F /* Resources */ = {
			isa = PBXResourcesBuildPhase;
			buildActionMask = 2147483647;
			files = (
				35117F8B1C46F67000E3C76F /* LaunchScreen.storyboard in Resources */,
				35117F881C46F67000E3C76F /* Assets.xcassets in Resources */,
				35117F861C46F67000E3C76F /* Main.storyboard in Resources */,
			);
			runOnlyForDeploymentPostprocessing = 0;
		};
		35117F8F1C46F67000E3C76F /* Resources */ = {
			isa = PBXResourcesBuildPhase;
			buildActionMask = 2147483647;
			files = (
			);
			runOnlyForDeploymentPostprocessing = 0;
		};
		35117F9A1C46F67000E3C76F /* Resources */ = {
			isa = PBXResourcesBuildPhase;
			buildActionMask = 2147483647;
			files = (
			);
			runOnlyForDeploymentPostprocessing = 0;
		};
/* End PBXResourcesBuildPhase section */

/* Begin PBXSourcesBuildPhase section */
		35117F791C46F67000E3C76F /* Sources */ = {
			isa = PBXSourcesBuildPhase;
			buildActionMask = 2147483647;
			files = (
				35117F831C46F67000E3C76F /* ViewController.swift in Sources */,
				35117F811C46F67000E3C76F /* AppDelegate.swift in Sources */,
			);
			runOnlyForDeploymentPostprocessing = 0;
		};
		35117F8D1C46F67000E3C76F /* Sources */ = {
			isa = PBXSourcesBuildPhase;
			buildActionMask = 2147483647;
			files = (
				35117F961C46F67000E3C76F /* MemeMeV1Tests.swift in Sources */,
			);
			runOnlyForDeploymentPostprocessing = 0;
		};
		35117F981C46F67000E3C76F /* Sources */ = {
			isa = PBXSourcesBuildPhase;
			buildActionMask = 2147483647;
			files = (
				35117FA11C46F67000E3C76F /* MemeMeV1UITests.swift in Sources */,
			);
			runOnlyForDeploymentPostprocessing = 0;
		};
/* End PBXSourcesBuildPhase section */

/* Begin PBXTargetDependency section */
		35117F931C46F67000E3C76F /* PBXTargetDependency */ = {
			isa = PBXTargetDependency;
			target = 35117F7C1C46F67000E3C76F /* MemeMeV1 */;
			targetProxy = 35117F921C46F67000E3C76F /* PBXContainerItemProxy */;
		};
		35117F9E1C46F67000E3C76F /* PBXTargetDependency */ = {
			isa = PBXTargetDependency;
			target = 35117F7C1C46F67000E3C76F /* MemeMeV1 */;
			targetProxy = 35117F9D1C46F67000E3C76F /* PBXContainerItemProxy */;
		};
/* End PBXTargetDependency section */

/* Begin PBXVariantGroup section */
		35117F841C46F67000E3C76F /* Main.storyboard */ = {
			isa = PBXVariantGroup;
			children = (
				35117F851C46F67000E3C76F /* Base */,
			);
			name = Main.storyboard;
			sourceTree = "<group>";
		};
		35117F891C46F67000E3C76F /* LaunchScreen.storyboard */ = {
			isa = PBXVariantGroup;
			children = (
				35117F8A1C46F67000E3C76F /* Base */,
			);
			name = LaunchScreen.storyboard;
			sourceTree = "<group>";
		};
/* End PBXVariantGroup section */

/* Begin XCBuildConfiguration section */
		35117FA31C46F67000E3C76F /* Debug */ = {
			isa = XCBuildConfiguration;
			buildSettings = {
				ALWAYS_SEARCH_USER_PATHS = NO;
				CLANG_CXX_LANGUAGE_STANDARD = "gnu++0x";
				CLANG_CXX_LIBRARY = "libc++";
				CLANG_ENABLE_MODULES = YES;
				CLANG_ENABLE_OBJC_ARC = YES;
				CLANG_WARN_BOOL_CONVERSION = YES;
				CLANG_WARN_CONSTANT_CONVERSION = YES;
				CLANG_WARN_DIRECT_OBJC_ISA_USAGE = YES_ERROR;
				CLANG_WARN_EMPTY_BODY = YES;
				CLANG_WARN_ENUM_CONVERSION = YES;
				CLANG_WARN_INT_CONVERSION = YES;
				CLANG_WARN_OBJC_ROOT_CLASS = YES_ERROR;
				CLANG_WARN_UNREACHABLE_CODE = YES;
				CLANG_WARN__DUPLICATE_METHOD_MATCH = YES;
				"CODE_SIGN_IDENTITY[sdk=iphoneos*]" = "iPhone Developer";
				COPY_PHASE_STRIP = NO;
				DEBUG_INFORMATION_FORMAT = dwarf;
				ENABLE_STRICT_OBJC_MSGSEND = YES;
				ENABLE_TESTABILITY = YES;
				GCC_C_LANGUAGE_STANDARD = gnu99;
				GCC_DYNAMIC_NO_PIC = NO;
				GCC_NO_COMMON_BLOCKS = YES;
				GCC_OPTIMIZATION_LEVEL = 0;
				GCC_PREPROCESSOR_DEFINITIONS = (
					"DEBUG=1",
					"$(inherited)",
				);
				GCC_WARN_64_TO_32_BIT_CONVERSION = YES;
				GCC_WARN_ABOUT_RETURN_TYPE = YES_ERROR;
				GCC_WARN_UNDECLARED_SELECTOR = YES;
				GCC_WARN_UNINITIALIZED_AUTOS = YES_AGGRESSIVE;
				GCC_WARN_UNUSED_FUNCTION = YES;
				GCC_WARN_UNUSED_VARIABLE = YES;
				IPHONEOS_DEPLOYMENT_TARGET = 9.2;
				MTL_ENABLE_DEBUG_INFO = YES;
				ONLY_ACTIVE_ARCH = YES;
				SDKROOT = iphoneos;
				SWIFT_OPTIMIZATION_LEVEL = "-Onone";
			};
			name = Debug;
		};
		35117FA41C46F67000E3C76F /* Release */ = {
			isa = XCBuildConfiguration;
			buildSettings = {
				ALWAYS_SEARCH_USER_PATHS = NO;
				CLANG_CXX_LANGUAGE_STANDARD = "gnu++0x";
				CLANG_CXX_LIBRARY = "libc++";
				CLANG_ENABLE_MODULES = YES;
				CLANG_ENABLE_OBJC_ARC = YES;
				CLANG_WARN_BOOL_CONVERSION = YES;
				CLANG_WARN_CONSTANT_CONVERSION = YES;
				CLANG_WARN_DIRECT_OBJC_ISA_USAGE = YES_ERROR;
				CLANG_WARN_EMPTY_BODY = YES;
				CLANG_WARN_ENUM_CONVERSION = YES;
				CLANG_WARN_INT_CONVERSION = YES;
				CLANG_WARN_OBJC_ROOT_CLASS = YES_ERROR;
				CLANG_WARN_UNREACHABLE_CODE = YES;
				CLANG_WARN__DUPLICATE_METHOD_MATCH = YES;
				"CODE_SIGN_IDENTITY[sdk=iphoneos*]" = "iPhone Developer";
				COPY_PHASE_STRIP = NO;
				DEBUG_INFORMATION_FORMAT = "dwarf-with-dsym";
				ENABLE_NS_ASSERTIONS = NO;
				ENABLE_STRICT_OBJC_MSGSEND = YES;
				GCC_C_LANGUAGE_STANDARD = gnu99;
				GCC_NO_COMMON_BLOCKS = YES;
				GCC_WARN_64_TO_32_BIT_CONVERSION = YES;
				GCC_WARN_ABOUT_RETURN_TYPE = YES_ERROR;
				GCC_WARN_UNDECLARED_SELECTOR = YES;
				GCC_WARN_UNINITIALIZED_AUTOS = YES_AGGRESSIVE;
				GCC_WARN_UNUSED_FUNCTION = YES;
				GCC_WARN_UNUSED_VARIABLE = YES;
				IPHONEOS_DEPLOYMENT_TARGET = 9.2;
				MTL_ENABLE_DEBUG_INFO = NO;
				SDKROOT = iphoneos;
				VALIDATE_PRODUCT = YES;
			};
			name = Release;
		};
		35117FA61C46F67000E3C76F /* Debug */ = {
			isa = XCBuildConfiguration;
			buildSettings = {
				ASSETCATALOG_COMPILER_APPICON_NAME = AppIcon;
				INFOPLIST_FILE = MemeMeV1/Info.plist;
				LD_RUNPATH_SEARCH_PATHS = "$(inherited) @executable_path/Frameworks";
				PRODUCT_BUNDLE_IDENTIFIER = com.NoCompay.MemeMeV1;
				PRODUCT_NAME = "$(TARGET_NAME)";
			};
			name = Debug;
		};
		35117FA71C46F67000E3C76F /* Release */ = {
			isa = XCBuildConfiguration;
			buildSettings = {
				ASSETCATALOG_COMPILER_APPICON_NAME = AppIcon;
				INFOPLIST_FILE = MemeMeV1/Info.plist;
				LD_RUNPATH_SEARCH_PATHS = "$(inherited) @executable_path/Frameworks";
				PRODUCT_BUNDLE_IDENTIFIER = com.NoCompay.MemeMeV1;
				PRODUCT_NAME = "$(TARGET_NAME)";
			};
			name = Release;
		};
		35117FA91C46F67000E3C76F /* Debug */ = {
			isa = XCBuildConfiguration;
			buildSettings = {
				BUNDLE_LOADER = "$(TEST_HOST)";
				INFOPLIST_FILE = MemeMeV1Tests/Info.plist;
				LD_RUNPATH_SEARCH_PATHS = "$(inherited) @executable_path/Frameworks @loader_path/Frameworks";
				PRODUCT_BUNDLE_IDENTIFIER = com.NoCompay.MemeMeV1Tests;
				PRODUCT_NAME = "$(TARGET_NAME)";
				TEST_HOST = "$(BUILT_PRODUCTS_DIR)/MemeMeV1.app/MemeMeV1";
			};
			name = Debug;
		};
		35117FAA1C46F67000E3C76F /* Release */ = {
			isa = XCBuildConfiguration;
			buildSettings = {
				BUNDLE_LOADER = "$(TEST_HOST)";
				INFOPLIST_FILE = MemeMeV1Tests/Info.plist;
				LD_RUNPATH_SEARCH_PATHS = "$(inherited) @executable_path/Frameworks @loader_path/Frameworks";
				PRODUCT_BUNDLE_IDENTIFIER = com.NoCompay.MemeMeV1Tests;
				PRODUCT_NAME = "$(TARGET_NAME)";
				TEST_HOST = "$(BUILT_PRODUCTS_DIR)/MemeMeV1.app/MemeMeV1";
			};
			name = Release;
		};
		35117FAC1C46F67000E3C76F /* Debug */ = {
			isa = XCBuildConfiguration;
			buildSettings = {
				INFOPLIST_FILE = MemeMeV1UITests/Info.plist;
				LD_RUNPATH_SEARCH_PATHS = "$(inherited) @executable_path/Frameworks @loader_path/Frameworks";
				PRODUCT_BUNDLE_IDENTIFIER = com.NoCompay.MemeMeV1UITests;
				PRODUCT_NAME = "$(TARGET_NAME)";
				TEST_TARGET_NAME = MemeMeV1;
				USES_XCTRUNNER = YES;
			};
			name = Debug;
		};
		35117FAD1C46F67000E3C76F /* Release */ = {
			isa = XCBuildConfiguration;
			buildSettings = {
				INFOPLIST_FILE = MemeMeV1UITests/Info.plist;
				LD_RUNPATH_SEARCH_PATHS = "$(inherited) @executable_path/Frameworks @loader_path/Frameworks";
				PRODUCT_BUNDLE_IDENTIFIER = com.NoCompay.MemeMeV1UITests;
				PRODUCT_NAME = "$(TARGET_NAME)";
				TEST_TARGET_NAME = MemeMeV1;
				USES_XCTRUNNER = YES;
			};
			name = Release;
		};
/* End XCBuildConfiguration section */

/* Begin XCConfigurationList section */
		35117F781C46F67000E3C76F /* Build configuration list for PBXProject "MemeMeV1" */ = {
			isa = XCConfigurationList;
			buildConfigurations = (
				35117FA31C46F67000E3C76F /* Debug */,
				35117FA41C46F67000E3C76F /* Release */,
			);
			defaultConfigurationIsVisible = 0;
			defaultConfigurationName = Release;
		};
		35117FA51C46F67000E3C76F /* Build configuration list for PBXNativeTarget "MemeMeV1" */ = {
			isa = XCConfigurationList;
			buildConfigurations = (
				35117FA61C46F67000E3C76F /* Debug */,
				35117FA71C46F67000E3C76F /* Release */,
			);
			defaultConfigurationIsVisible = 0;
		};
		35117FA81C46F67000E3C76F /* Build configuration list for PBXNativeTarget "MemeMeV1Tests" */ = {
			isa = XCConfigurationList;
			buildConfigurations = (
				35117FA91C46F67000E3C76F /* Debug */,
				35117FAA1C46F67000E3C76F /* Release */,
			);
			defaultConfigurationIsVisible = 0;
		};
		35117FAB1C46F67000E3C76F /* Build configuration list for PBXNativeTarget "MemeMeV1UITests" */ = {
			isa = XCConfigurationList;
			buildConfigurations = (
				35117FAC1C46F67000E3C76F /* Debug */,
				35117FAD1C46F67000E3C76F /* Release */,
			);
			defaultConfigurationIsVisible = 0;
		};
/* End XCConfigurationList section */
	};
	rootObject = 35117F751C46F67000E3C76F /* Project object */;
}
